{
  "name": "@venly/web3-react-venly",
  "version": "1.3.0-develop.1",
  "lockfileVersion": 3,
  "requires": true,
  "packages": {
    "": {
      "name": "@venly/web3-react-venly",
      "version": "1.3.0-develop.1",
      "license": "MIT",
      "dependencies": {
        "@venly/web3-provider": "^3.8.0",
        "@web3-react/types": "^8.1.2-beta.0"
      },
      "devDependencies": {
        "@web3-react/store": "^8.1.2-beta.0",
        "typescript": "^5.0.4"
      }
    },
    "node_modules/@ethereumjs/common": {
      "version": "3.2.0",
      "resolved": "https://registry.npmjs.org/@ethereumjs/common/-/common-3.2.0.tgz",
      "integrity": "sha512-pksvzI0VyLgmuEF2FA/JR/4/y6hcPq8OUail3/AvycBaW1d5VSauOZzqGvJ3RTmR4MU35lWE8KseKOsEhrFRBA==",
      "license": "MIT",
      "dependencies": {
        "@ethereumjs/util": "^8.1.0",
        "crc-32": "^1.2.0"
      }
    },
    "node_modules/@ethereumjs/rlp": {
      "version": "4.0.1",
      "resolved": "https://registry.npmjs.org/@ethereumjs/rlp/-/rlp-4.0.1.tgz",
      "integrity": "sha512-tqsQiBQDQdmPWE1xkkBq4rlSW5QZpLOUJ5RJh2/9fug+q9tnUhuZoVLk7s0scUIKTOzEtR72DFBXI4WiZcMpvw==",
      "license": "MPL-2.0",
      "bin": {
        "rlp": "bin/rlp"
      },
      "engines": {
        "node": ">=14"
      }
    },
    "node_modules/@ethereumjs/tx": {
      "version": "4.2.0",
      "resolved": "https://registry.npmjs.org/@ethereumjs/tx/-/tx-4.2.0.tgz",
      "integrity": "sha512-1nc6VO4jtFd172BbSnTnDQVr9IYBFl1y4xPzZdtkrkKIncBCkdbgfdRV+MiTkJYAtTxvV12GRZLqBFT1PNK6Yw==",
      "license": "MPL-2.0",
      "dependencies": {
        "@ethereumjs/common": "^3.2.0",
        "@ethereumjs/rlp": "^4.0.1",
        "@ethereumjs/util": "^8.1.0",
        "ethereum-cryptography": "^2.0.0"
      },
      "engines": {
        "node": ">=14"
      }
    },
    "node_modules/@ethereumjs/util": {
      "version": "8.1.0",
      "resolved": "https://registry.npmjs.org/@ethereumjs/util/-/util-8.1.0.tgz",
      "integrity": "sha512-zQ0IqbdX8FZ9aw11vP+dZkKDkS+kgIvQPHnSAXzP9pLu+Rfu3D3XEeLbicvoXJTYnhZiPmsZUxgdzXwNKxRPbA==",
      "license": "MPL-2.0",
      "dependencies": {
        "@ethereumjs/rlp": "^4.0.1",
        "ethereum-cryptography": "^2.0.0",
        "micro-ftch": "^0.3.1"
      },
      "engines": {
        "node": ">=14"
      }
    },
    "node_modules/@ethersproject/address": {
      "version": "5.8.0",
      "resolved": "https://registry.npmjs.org/@ethersproject/address/-/address-5.8.0.tgz",
      "integrity": "sha512-GhH/abcC46LJwshoN+uBNoKVFPxUuZm6dA257z0vZkKmU1+t8xTn8oK7B9qrj8W2rFRMch4gbJl6PmVxjxBEBA==",
      "dev": true,
      "funding": [
        {
          "type": "individual",
          "url": "https://gitcoin.co/grants/13/ethersjs-complete-simple-and-tiny-2"
        },
        {
          "type": "individual",
          "url": "https://www.buymeacoffee.com/ricmoo"
        }
      ],
      "license": "MIT",
      "dependencies": {
        "@ethersproject/bignumber": "^5.8.0",
        "@ethersproject/bytes": "^5.8.0",
        "@ethersproject/keccak256": "^5.8.0",
        "@ethersproject/logger": "^5.8.0",
        "@ethersproject/rlp": "^5.8.0"
      }
    },
    "node_modules/@ethersproject/bignumber": {
      "version": "5.8.0",
      "resolved": "https://registry.npmjs.org/@ethersproject/bignumber/-/bignumber-5.8.0.tgz",
      "integrity": "sha512-ZyaT24bHaSeJon2tGPKIiHszWjD/54Sz8t57Toch475lCLljC6MgPmxk7Gtzz+ddNN5LuHea9qhAe0x3D+uYPA==",
      "funding": [
        {
          "type": "individual",
          "url": "https://gitcoin.co/grants/13/ethersjs-complete-simple-and-tiny-2"
        },
        {
          "type": "individual",
          "url": "https://www.buymeacoffee.com/ricmoo"
        }
      ],
      "license": "MIT",
      "dependencies": {
        "@ethersproject/bytes": "^5.8.0",
        "@ethersproject/logger": "^5.8.0",
        "bn.js": "^5.2.1"
      }
    },
    "node_modules/@ethersproject/bytes": {
      "version": "5.8.0",
      "resolved": "https://registry.npmjs.org/@ethersproject/bytes/-/bytes-5.8.0.tgz",
      "integrity": "sha512-vTkeohgJVCPVHu5c25XWaWQOZ4v+DkGoC42/TS2ond+PARCxTJvgTFUNDZovyQ/uAQ4EcpqqowKydcdmRKjg7A==",
      "funding": [
        {
          "type": "individual",
          "url": "https://gitcoin.co/grants/13/ethersjs-complete-simple-and-tiny-2"
        },
        {
          "type": "individual",
          "url": "https://www.buymeacoffee.com/ricmoo"
        }
      ],
      "license": "MIT",
      "dependencies": {
        "@ethersproject/logger": "^5.8.0"
      }
    },
    "node_modules/@ethersproject/keccak256": {
      "version": "5.8.0",
      "resolved": "https://registry.npmjs.org/@ethersproject/keccak256/-/keccak256-5.8.0.tgz",
      "integrity": "sha512-A1pkKLZSz8pDaQ1ftutZoaN46I6+jvuqugx5KYNeQOPqq+JZ0Txm7dlWesCHB5cndJSu5vP2VKptKf7cksERng==",
      "dev": true,
      "funding": [
        {
          "type": "individual",
          "url": "https://gitcoin.co/grants/13/ethersjs-complete-simple-and-tiny-2"
        },
        {
          "type": "individual",
          "url": "https://www.buymeacoffee.com/ricmoo"
        }
      ],
      "license": "MIT",
      "dependencies": {
        "@ethersproject/bytes": "^5.8.0",
        "js-sha3": "0.8.0"
      }
    },
    "node_modules/@ethersproject/logger": {
      "version": "5.8.0",
      "resolved": "https://registry.npmjs.org/@ethersproject/logger/-/logger-5.8.0.tgz",
      "integrity": "sha512-Qe6knGmY+zPPWTC+wQrpitodgBfH7XoceCGL5bJVejmH+yCS3R8jJm8iiWuvWbG76RUmyEG53oqv6GMVWqunjA==",
      "funding": [
        {
          "type": "individual",
          "url": "https://gitcoin.co/grants/13/ethersjs-complete-simple-and-tiny-2"
        },
        {
          "type": "individual",
          "url": "https://www.buymeacoffee.com/ricmoo"
        }
      ],
      "license": "MIT"
    },
    "node_modules/@ethersproject/rlp": {
      "version": "5.8.0",
      "resolved": "https://registry.npmjs.org/@ethersproject/rlp/-/rlp-5.8.0.tgz",
      "integrity": "sha512-LqZgAznqDbiEunaUvykH2JAoXTT9NV0Atqk8rQN9nx9SEgThA/WMx5DnW8a9FOufo//6FZOCHZ+XiClzgbqV9Q==",
      "dev": true,
      "funding": [
        {
          "type": "individual",
          "url": "https://gitcoin.co/grants/13/ethersjs-complete-simple-and-tiny-2"
        },
        {
          "type": "individual",
          "url": "https://www.buymeacoffee.com/ricmoo"
        }
      ],
      "license": "MIT",
      "dependencies": {
        "@ethersproject/bytes": "^5.8.0",
        "@ethersproject/logger": "^5.8.0"
      }
    },
    "node_modules/@metamask/abi-utils": {
      "version": "2.0.4",
      "resolved": "https://registry.npmjs.org/@metamask/abi-utils/-/abi-utils-2.0.4.tgz",
      "integrity": "sha512-StnIgUB75x7a7AgUhiaUZDpCsqGp7VkNnZh2XivXkJ6mPkE83U8ARGQj5MbRis7VJY8BC5V1AbB1fjdh0hupPQ==",
      "license": "(Apache-2.0 AND MIT)",
      "dependencies": {
        "@metamask/superstruct": "^3.1.0",
        "@metamask/utils": "^9.0.0"
      },
      "engines": {
        "node": ">=16.0.0"
      }
    },
    "node_modules/@metamask/abi-utils/node_modules/@metamask/utils": {
      "version": "9.3.0",
      "resolved": "https://registry.npmjs.org/@metamask/utils/-/utils-9.3.0.tgz",
      "integrity": "sha512-w8CVbdkDrVXFJbfBSlDfafDR6BAkpDmv1bC1UJVCoVny5tW2RKAdn9i68Xf7asYT4TnUhl/hN4zfUiKQq9II4g==",
      "license": "ISC",
      "dependencies": {
        "@ethereumjs/tx": "^4.2.0",
        "@metamask/superstruct": "^3.1.0",
        "@noble/hashes": "^1.3.1",
        "@scure/base": "^1.1.3",
        "@types/debug": "^4.1.7",
        "debug": "^4.3.4",
        "pony-cause": "^2.1.10",
        "semver": "^7.5.4",
        "uuid": "^9.0.1"
      },
      "engines": {
        "node": ">=16.0.0"
      }
    },
    "node_modules/@metamask/eth-block-tracker": {
      "version": "9.0.3",
      "resolved": "https://registry.npmjs.org/@metamask/eth-block-tracker/-/eth-block-tracker-9.0.3.tgz",
      "integrity": "sha512-I29IwdhnSJtk/A05vFsiOV92ADXXtBymXfC0naSvHP9TYNNOryG9y2l0jmnSzBsP3+wefCkHJWEzEwF4YSKogw==",
      "license": "MIT",
      "dependencies": {
        "@metamask/eth-json-rpc-provider": "^3.0.2",
        "@metamask/safe-event-emitter": "^3.0.0",
        "@metamask/utils": "^8.1.0",
        "json-rpc-random-id": "^1.0.1",
        "pify": "^5.0.0"
      },
      "engines": {
        "node": ">=16.20 || ^18.16"
      }
    },
    "node_modules/@metamask/eth-block-tracker/node_modules/@metamask/eth-json-rpc-provider": {
      "version": "3.0.2",
      "resolved": "https://registry.npmjs.org/@metamask/eth-json-rpc-provider/-/eth-json-rpc-provider-3.0.2.tgz",
      "integrity": "sha512-ma5bYjKa71bSw5+iibEnIiY25s8wkDnTljrqOnGw5MkTEU4PQDiKnK9YjxfUZSasx2BPEsp1OW2NS+pnrRMO4Q==",
      "license": "ISC",
      "dependencies": {
        "@metamask/json-rpc-engine": "^8.0.2",
        "@metamask/safe-event-emitter": "^3.0.0",
        "@metamask/utils": "^8.3.0"
      },
      "engines": {
        "node": ">=16.0.0"
      }
    },
    "node_modules/@metamask/eth-block-tracker/node_modules/@metamask/json-rpc-engine": {
      "version": "8.0.2",
      "resolved": "https://registry.npmjs.org/@metamask/json-rpc-engine/-/json-rpc-engine-8.0.2.tgz",
      "integrity": "sha512-IoQPmql8q7ABLruW7i4EYVHWUbF74yrp63bRuXV5Zf9BQwcn5H9Ww1eLtROYvI1bUXwOiHZ6qT5CWTrDc/t/AA==",
      "license": "ISC",
      "dependencies": {
        "@metamask/rpc-errors": "^6.2.1",
        "@metamask/safe-event-emitter": "^3.0.0",
        "@metamask/utils": "^8.3.0"
      },
      "engines": {
        "node": ">=16.0.0"
      }
    },
    "node_modules/@metamask/eth-json-rpc-middleware": {
      "version": "12.1.2",
      "resolved": "https://registry.npmjs.org/@metamask/eth-json-rpc-middleware/-/eth-json-rpc-middleware-12.1.2.tgz",
      "integrity": "sha512-qhaUq0SenE8P916yuYDj5dbdGRvl/qJDsjPGSlSJOi0QBASFDbKpo5k1st+ban6duJfRUQhrwzERCVyNbtil7w==",
      "license": "ISC",
      "dependencies": {
        "@metamask/eth-block-tracker": "^9.0.3",
        "@metamask/eth-json-rpc-provider": "^3.0.2",
        "@metamask/eth-sig-util": "^7.0.0",
        "@metamask/json-rpc-engine": "^8.0.2",
        "@metamask/rpc-errors": "^6.0.0",
        "@metamask/utils": "^8.1.0",
        "klona": "^2.0.6",
        "pify": "^5.0.0",
        "safe-stable-stringify": "^2.4.3"
      },
      "engines": {
        "node": "^16.20 || ^18.16 || >=20"
      }
    },
    "node_modules/@metamask/eth-json-rpc-middleware/node_modules/@metamask/eth-json-rpc-provider": {
      "version": "3.0.2",
      "resolved": "https://registry.npmjs.org/@metamask/eth-json-rpc-provider/-/eth-json-rpc-provider-3.0.2.tgz",
      "integrity": "sha512-ma5bYjKa71bSw5+iibEnIiY25s8wkDnTljrqOnGw5MkTEU4PQDiKnK9YjxfUZSasx2BPEsp1OW2NS+pnrRMO4Q==",
      "license": "ISC",
      "dependencies": {
        "@metamask/json-rpc-engine": "^8.0.2",
        "@metamask/safe-event-emitter": "^3.0.0",
        "@metamask/utils": "^8.3.0"
      },
      "engines": {
        "node": ">=16.0.0"
      }
    },
    "node_modules/@metamask/eth-json-rpc-middleware/node_modules/@metamask/json-rpc-engine": {
      "version": "8.0.2",
      "resolved": "https://registry.npmjs.org/@metamask/json-rpc-engine/-/json-rpc-engine-8.0.2.tgz",
      "integrity": "sha512-IoQPmql8q7ABLruW7i4EYVHWUbF74yrp63bRuXV5Zf9BQwcn5H9Ww1eLtROYvI1bUXwOiHZ6qT5CWTrDc/t/AA==",
      "license": "ISC",
      "dependencies": {
        "@metamask/rpc-errors": "^6.2.1",
        "@metamask/safe-event-emitter": "^3.0.0",
        "@metamask/utils": "^8.3.0"
      },
      "engines": {
        "node": ">=16.0.0"
      }
    },
    "node_modules/@metamask/eth-json-rpc-provider": {
      "version": "2.3.2",
      "resolved": "https://registry.npmjs.org/@metamask/eth-json-rpc-provider/-/eth-json-rpc-provider-2.3.2.tgz",
      "integrity": "sha512-VaZx++3gfi85+j9zB5TvqSWLeZ6QpsNjIk56Nq6OMDp2U8iUEPgjdA8CybOtkyDb88EbpuOSzHZcdHEeIX3zPw==",
      "license": "ISC",
      "dependencies": {
        "@metamask/json-rpc-engine": "^7.3.2",
        "@metamask/safe-event-emitter": "^3.0.0",
        "@metamask/utils": "^8.3.0"
      },
      "engines": {
        "node": ">=16.0.0"
      }
    },
    "node_modules/@metamask/eth-sig-util": {
      "version": "7.0.3",
      "resolved": "https://registry.npmjs.org/@metamask/eth-sig-util/-/eth-sig-util-7.0.3.tgz",
      "integrity": "sha512-PAtGnOkYvh90k2lEZldq/FK7GTLF6WxE+2bV85PoA3pqlJnmJCAY62tuvxHSwnVngSKlc4mcNvjnUg2eYO6JGg==",
      "license": "ISC",
      "dependencies": {
        "@ethereumjs/util": "^8.1.0",
        "@metamask/abi-utils": "^2.0.4",
        "@metamask/utils": "^9.0.0",
        "@scure/base": "~1.1.3",
        "ethereum-cryptography": "^2.1.2",
        "tweetnacl": "^1.0.3"
      },
      "engines": {
        "node": "^16.20 || ^18.16 || >=20"
      }
    },
    "node_modules/@metamask/eth-sig-util/node_modules/@metamask/utils": {
      "version": "9.3.0",
      "resolved": "https://registry.npmjs.org/@metamask/utils/-/utils-9.3.0.tgz",
      "integrity": "sha512-w8CVbdkDrVXFJbfBSlDfafDR6BAkpDmv1bC1UJVCoVny5tW2RKAdn9i68Xf7asYT4TnUhl/hN4zfUiKQq9II4g==",
      "license": "ISC",
      "dependencies": {
        "@ethereumjs/tx": "^4.2.0",
        "@metamask/superstruct": "^3.1.0",
        "@noble/hashes": "^1.3.1",
        "@scure/base": "^1.1.3",
        "@types/debug": "^4.1.7",
        "debug": "^4.3.4",
        "pony-cause": "^2.1.10",
        "semver": "^7.5.4",
        "uuid": "^9.0.1"
      },
      "engines": {
        "node": ">=16.0.0"
      }
    },
    "node_modules/@metamask/json-rpc-engine": {
      "version": "7.3.3",
      "resolved": "https://registry.npmjs.org/@metamask/json-rpc-engine/-/json-rpc-engine-7.3.3.tgz",
      "integrity": "sha512-dwZPq8wx9yV3IX2caLi9q9xZBw2XeIoYqdyihDDDpuHVCEiqadJLwqM3zy+uwf6F1QYQ65A8aOMQg1Uw7LMLNg==",
      "license": "ISC",
      "dependencies": {
        "@metamask/rpc-errors": "^6.2.1",
        "@metamask/safe-event-emitter": "^3.0.0",
        "@metamask/utils": "^8.3.0"
      },
      "engines": {
        "node": ">=16.0.0"
      }
    },
    "node_modules/@metamask/rpc-errors": {
      "version": "6.4.0",
      "resolved": "https://registry.npmjs.org/@metamask/rpc-errors/-/rpc-errors-6.4.0.tgz",
      "integrity": "sha512-1ugFO1UoirU2esS3juZanS/Fo8C8XYocCuBpfZI5N7ECtoG+zu0wF+uWZASik6CkO6w9n/Iebt4iI4pT0vptpg==",
      "license": "MIT",
      "dependencies": {
        "@metamask/utils": "^9.0.0",
        "fast-safe-stringify": "^2.0.6"
      },
      "engines": {
        "node": ">=16.0.0"
      }
    },
    "node_modules/@metamask/rpc-errors/node_modules/@metamask/utils": {
      "version": "9.3.0",
      "resolved": "https://registry.npmjs.org/@metamask/utils/-/utils-9.3.0.tgz",
      "integrity": "sha512-w8CVbdkDrVXFJbfBSlDfafDR6BAkpDmv1bC1UJVCoVny5tW2RKAdn9i68Xf7asYT4TnUhl/hN4zfUiKQq9II4g==",
      "license": "ISC",
      "dependencies": {
        "@ethereumjs/tx": "^4.2.0",
        "@metamask/superstruct": "^3.1.0",
        "@noble/hashes": "^1.3.1",
        "@scure/base": "^1.1.3",
        "@types/debug": "^4.1.7",
        "debug": "^4.3.4",
        "pony-cause": "^2.1.10",
        "semver": "^7.5.4",
        "uuid": "^9.0.1"
      },
      "engines": {
        "node": ">=16.0.0"
      }
    },
    "node_modules/@metamask/safe-event-emitter": {
      "version": "3.1.2",
      "resolved": "https://registry.npmjs.org/@metamask/safe-event-emitter/-/safe-event-emitter-3.1.2.tgz",
      "integrity": "sha512-5yb2gMI1BDm0JybZezeoX/3XhPDOtTbcFvpTXM9kxsoZjPZFh4XciqRbpD6N86HYZqWDhEaKUDuOyR0sQHEjMA==",
      "license": "ISC",
      "engines": {
        "node": ">=12.0.0"
      }
    },
    "node_modules/@metamask/superstruct": {
      "version": "3.2.1",
      "resolved": "https://registry.npmjs.org/@metamask/superstruct/-/superstruct-3.2.1.tgz",
      "integrity": "sha512-fLgJnDOXFmuVlB38rUN5SmU7hAFQcCjrg3Vrxz67KTY7YHFnSNEKvX4avmEBdOI0yTCxZjwMCFEqsC8k2+Wd3g==",
      "license": "MIT",
      "engines": {
        "node": ">=16.0.0"
      }
    },
    "node_modules/@metamask/utils": {
      "version": "8.5.0",
      "resolved": "https://registry.npmjs.org/@metamask/utils/-/utils-8.5.0.tgz",
      "integrity": "sha512-I6bkduevXb72TIM9q2LRO63JSsF9EXduh3sBr9oybNX2hNNpr/j1tEjXrsG0Uabm4MJ1xkGAQEMwifvKZIkyxQ==",
      "license": "ISC",
      "dependencies": {
        "@ethereumjs/tx": "^4.2.0",
        "@metamask/superstruct": "^3.0.0",
        "@noble/hashes": "^1.3.1",
        "@scure/base": "^1.1.3",
        "@types/debug": "^4.1.7",
        "debug": "^4.3.4",
        "pony-cause": "^2.1.10",
        "semver": "^7.5.4",
        "uuid": "^9.0.1"
      },
      "engines": {
        "node": ">=16.0.0"
      }
    },
    "node_modules/@noble/curves": {
      "version": "1.4.2",
      "resolved": "https://registry.npmjs.org/@noble/curves/-/curves-1.4.2.tgz",
      "integrity": "sha512-TavHr8qycMChk8UwMld0ZDRvatedkzWfH8IiaeGCfymOP5i0hSCozz9vHOL0nkwk7HRMlFnAiKpS2jrUmSybcw==",
      "license": "MIT",
      "dependencies": {
        "@noble/hashes": "1.4.0"
      },
      "funding": {
        "url": "https://paulmillr.com/funding/"
      }
    },
    "node_modules/@noble/curves/node_modules/@noble/hashes": {
      "version": "1.4.0",
      "resolved": "https://registry.npmjs.org/@noble/hashes/-/hashes-1.4.0.tgz",
      "integrity": "sha512-V1JJ1WTRUqHHrOSh597hURcMqVKVGL/ea3kv0gSnEdsEZ0/+VyPghM1lMNGc00z7CIQorSvbKpuJkxvuHbvdbg==",
      "license": "MIT",
      "engines": {
        "node": ">= 16"
      },
      "funding": {
        "url": "https://paulmillr.com/funding/"
      }
    },
    "node_modules/@noble/hashes": {
      "version": "1.8.0",
      "resolved": "https://registry.npmjs.org/@noble/hashes/-/hashes-1.8.0.tgz",
      "integrity": "sha512-jCs9ldd7NwzpgXDIf6P3+NrHh9/sD6CQdxHyjQI+h/6rDNo88ypBxxz45UDuZHz9r3tNz7N/VInSVoVdtXEI4A==",
      "license": "MIT",
      "engines": {
        "node": "^14.21.3 || >=16"
      },
      "funding": {
        "url": "https://paulmillr.com/funding/"
      }
    },
    "node_modules/@scure/base": {
      "version": "1.1.9",
      "resolved": "https://registry.npmjs.org/@scure/base/-/base-1.1.9.tgz",
      "integrity": "sha512-8YKhl8GHiNI/pU2VMaofa2Tor7PJRAjwQLBBuilkJ9L5+13yVbC7JO/wS7piioAvPSwR3JKM1IJ/u4xQzbcXKg==",
      "license": "MIT",
      "funding": {
        "url": "https://paulmillr.com/funding/"
      }
    },
    "node_modules/@scure/bip32": {
      "version": "1.4.0",
      "resolved": "https://registry.npmjs.org/@scure/bip32/-/bip32-1.4.0.tgz",
      "integrity": "sha512-sVUpc0Vq3tXCkDGYVWGIZTRfnvu8LoTDaev7vbwh0omSvVORONr960MQWdKqJDCReIEmTj3PAr73O3aoxz7OPg==",
      "license": "MIT",
      "dependencies": {
        "@noble/curves": "~1.4.0",
        "@noble/hashes": "~1.4.0",
        "@scure/base": "~1.1.6"
      },
      "funding": {
        "url": "https://paulmillr.com/funding/"
      }
    },
    "node_modules/@scure/bip32/node_modules/@noble/hashes": {
      "version": "1.4.0",
      "resolved": "https://registry.npmjs.org/@noble/hashes/-/hashes-1.4.0.tgz",
      "integrity": "sha512-V1JJ1WTRUqHHrOSh597hURcMqVKVGL/ea3kv0gSnEdsEZ0/+VyPghM1lMNGc00z7CIQorSvbKpuJkxvuHbvdbg==",
      "license": "MIT",
      "engines": {
        "node": ">= 16"
      },
      "funding": {
        "url": "https://paulmillr.com/funding/"
      }
    },
    "node_modules/@scure/bip39": {
      "version": "1.3.0",
      "resolved": "https://registry.npmjs.org/@scure/bip39/-/bip39-1.3.0.tgz",
      "integrity": "sha512-disdg7gHuTDZtY+ZdkmLpPCk7fxZSu3gBiEGuoC1XYxv9cGx3Z6cpTggCgW6odSOOIXCiDjuGejW+aJKCY/pIQ==",
      "license": "MIT",
      "dependencies": {
        "@noble/hashes": "~1.4.0",
        "@scure/base": "~1.1.6"
      },
      "funding": {
        "url": "https://paulmillr.com/funding/"
      }
    },
    "node_modules/@scure/bip39/node_modules/@noble/hashes": {
      "version": "1.4.0",
      "resolved": "https://registry.npmjs.org/@noble/hashes/-/hashes-1.4.0.tgz",
      "integrity": "sha512-V1JJ1WTRUqHHrOSh597hURcMqVKVGL/ea3kv0gSnEdsEZ0/+VyPghM1lMNGc00z7CIQorSvbKpuJkxvuHbvdbg==",
      "license": "MIT",
      "engines": {
        "node": ">= 16"
      },
      "funding": {
        "url": "https://paulmillr.com/funding/"
      }
    },
    "node_modules/@types/debug": {
      "version": "4.1.13",
      "resolved": "https://registry.npmjs.org/@types/debug/-/debug-4.1.13.tgz",
      "integrity": "sha512-KSVgmQmzMwPlmtljOomayoR89W4FynCAi3E8PPs7vmDVPe84hT+vGPKkJfThkmXs0x0jAaa9U8uW8bbfyS2fWw==",
      "license": "MIT",
      "dependencies": {
        "@types/ms": "*"
      }
    },
    "node_modules/@types/ms": {
      "version": "2.1.0",
      "resolved": "https://registry.npmjs.org/@types/ms/-/ms-2.1.0.tgz",
      "integrity": "sha512-GsCCIZDE/p3i96vtEqx+7dBUGXrc7zeSK3wwPHIaRThS+9OhWIXRqzs4d6k1SVU8g91DrNRWxWUGhp5KXQb2VA==",
      "license": "MIT"
    },
    "node_modules/@venly/connect": {
      "version": "2.11.0",
      "resolved": "https://registry.npmjs.org/@venly/connect/-/connect-2.11.0.tgz",
      "integrity": "sha512-bBxeMGrGI4Ng5EcDH4WhYZsRQdYXcxGW9zGQykls2X4vYg2RRcVOuglLWcb/4AnmykqHZQBXLb6fUp/dutvOsA==",
      "license": "MIT",
      "dependencies": {
        "keycloak-js": "11.0.2",
        "tslib": "^2.8.0"
      }
    },
    "node_modules/@venly/web3-provider": {
      "version": "3.8.0",
      "resolved": "https://registry.npmjs.org/@venly/web3-provider/-/web3-provider-3.8.0.tgz",
      "integrity": "sha512-Yhyr+X0MxZQ9uUD/oS91MGqReTGjZEXUVBrkxWdhTIUM1Npd+Pf44JgbiOFVB85gN0T2DcTHheDP9y7RYeqbyQ==",
      "license": "MIT",
      "dependencies": {
        "@ethersproject/bignumber": "^5.7.0",
        "@metamask/eth-json-rpc-middleware": "^12.0.0",
        "@metamask/eth-json-rpc-provider": "^2.1.0",
        "@metamask/json-rpc-engine": "^7.1.1",
        "@metamask/rpc-errors": "^6.0.0",
        "@metamask/utils": "^8.1.0",
        "@venly/connect": "^2.11.0",
        "eth-block-tracker": "^8.0.0",
        "eth-json-rpc-filters": "^6.0.1"
      }
    },
    "node_modules/@web3-react/store": {
      "version": "8.2.3",
      "resolved": "https://registry.npmjs.org/@web3-react/store/-/store-8.2.3.tgz",
      "integrity": "sha512-qUJQ5pDsYYDra+/+glq2BmIS43HYAiEZ22sLLVh6E75WiZKRNOOqUxBDPe33KTIn718DLt51j+wd2FT+oT/kJQ==",
      "dev": true,
      "license": "GPL-3.0-or-later",
      "dependencies": {
        "@ethersproject/address": "^5",
        "@web3-react/types": "^8.2.3",
        "zustand": "4.4.0"
      }
    },
    "node_modules/@web3-react/types": {
      "version": "8.2.3",
      "resolved": "https://registry.npmjs.org/@web3-react/types/-/types-8.2.3.tgz",
      "integrity": "sha512-kSG90QkN+n7IOtp10nQ44oS8J7jzfH9EmqnruwBpCGybh1FM/ohyRvUKWYZNfNE4wsjTSpKsINR0/VdDsZMHyg==",
      "license": "GPL-3.0-or-later",
      "dependencies": {
        "zustand": "4.4.0"
      }
    },
    "node_modules/async-mutex": {
      "version": "0.2.6",
      "resolved": "https://registry.npmjs.org/async-mutex/-/async-mutex-0.2.6.tgz",
      "integrity": "sha512-Hs4R+4SPgamu6rSGW8C7cV9gaWUKEHykfzCCvIRuaVv636Ju10ZdeUbvb4TBEW0INuq2DHZqXbK4Nd3yG4RaRw==",
      "license": "MIT",
      "dependencies": {
        "tslib": "^2.0.0"
      }
    },
    "node_modules/base64-js": {
      "version": "1.3.1",
      "resolved": "https://registry.npmjs.org/base64-js/-/base64-js-1.3.1.tgz",
      "integrity": "sha512-mLQ4i2QO1ytvGWFWmcngKO//JXAQueZvwEKtjgQFM4jIK0kU+ytMfplL8j+n5mspOfjHwoAg+9yhb7BwAHm36g==",
      "license": "MIT"
    },
    "node_modules/bn.js": {
      "version": "5.2.3",
      "resolved": "https://registry.npmjs.org/bn.js/-/bn.js-5.2.3.tgz",
      "integrity": "sha512-EAcmnPkxpntVL+DS7bO1zhcZNvCkxqtkd0ZY53h06GNQ3DEkkGZ/gKgmDv6DdZQGj9BgfSPKtJJ7Dp1GPP8f7w==",
      "license": "MIT"
    },
    "node_modules/crc-32": {
      "version": "1.2.2",
      "resolved": "https://registry.npmjs.org/crc-32/-/crc-32-1.2.2.tgz",
      "integrity": "sha512-ROmzCKrTnOwybPcJApAA6WBWij23HVfGVNKqqrZpuyZOHqK2CwHSvpGuyt/UNNvaIjEd8X5IFGp4Mh+Ie1IHJQ==",
      "license": "Apache-2.0",
      "bin": {
        "crc32": "bin/crc32.njs"
      },
      "engines": {
        "node": ">=0.8"
      }
    },
    "node_modules/debug": {
      "version": "4.4.3",
      "resolved": "https://registry.npmjs.org/debug/-/debug-4.4.3.tgz",
      "integrity": "sha512-RGwwWnwQvkVfavKVt22FGLw+xYSdzARwm0ru6DhTVA3umU5hZc28V3kO4stgYryrTlLpuvgI9GiijltAjNbcqA==",
      "license": "MIT",
      "dependencies": {
        "ms": "^2.1.3"
      },
      "engines": {
        "node": ">=6.0"
      },
      "peerDependenciesMeta": {
        "supports-color": {
          "optional": true
        }
      }
    },
    "node_modules/eth-block-tracker": {
      "version": "8.1.0",
      "resolved": "https://registry.npmjs.org/eth-block-tracker/-/eth-block-tracker-8.1.0.tgz",
      "integrity": "sha512-cdP9GMtJV87d4yuj4A3WX7gHIoJP4T4eeGgVW1jLjC/H7xuJsjs9vtwy9DJZvcd2cpRYZNQ7eWsdoJriHfi67Q==",
      "license": "MIT",
      "dependencies": {
        "@metamask/eth-json-rpc-provider": "^2.1.0",
        "@metamask/safe-event-emitter": "^3.0.0",
        "@metamask/utils": "^8.1.0",
        "json-rpc-random-id": "^1.0.1",
        "pify": "^5.0.0"
      },
      "engines": {
        "node": ">=16.20 || ^18.16"
      }
    },
    "node_modules/eth-json-rpc-filters": {
      "version": "6.0.1",
      "resolved": "https://registry.npmjs.org/eth-json-rpc-filters/-/eth-json-rpc-filters-6.0.1.tgz",
      "integrity": "sha512-ITJTvqoCw6OVMLs7pI8f4gG92n/St6x80ACtHodeS+IXmO0w+t1T5OOzfSt7KLSMLRkVUoexV7tztLgDxg+iig==",
      "license": "ISC",
      "dependencies": {
        "@metamask/safe-event-emitter": "^3.0.0",
        "async-mutex": "^0.2.6",
        "eth-query": "^2.1.2",
        "json-rpc-engine": "^6.1.0",
        "pify": "^5.0.0"
      },
      "engines": {
        "node": ">=14.0.0"
      }
    },
    "node_modules/eth-query": {
      "version": "2.1.2",
      "resolved": "https://registry.npmjs.org/eth-query/-/eth-query-2.1.2.tgz",
      "integrity": "sha512-srES0ZcvwkR/wd5OQBRA1bIJMww1skfGS0s8wlwK3/oNP4+wnds60krvu5R1QbpRQjMmpG5OMIWro5s7gvDPsA==",
      "license": "ISC",
      "dependencies": {
        "json-rpc-random-id": "^1.0.0",
        "xtend": "^4.0.1"
      }
    },
    "node_modules/eth-rpc-errors": {
      "version": "4.0.3",
      "resolved": "https://registry.npmjs.org/eth-rpc-errors/-/eth-rpc-errors-4.0.3.tgz",
      "integrity": "sha512-Z3ymjopaoft7JDoxZcEb3pwdGh7yiYMhOwm2doUt6ASXlMavpNlK6Cre0+IMl2VSGyEU9rkiperQhp5iRxn5Pg==",
      "license": "MIT",
      "dependencies": {
        "fast-safe-stringify": "^2.0.6"
      }
    },
    "node_modules/ethereum-cryptography": {
      "version": "2.2.1",
      "resolved": "https://registry.npmjs.org/ethereum-cryptography/-/ethereum-cryptography-2.2.1.tgz",
      "integrity": "sha512-r/W8lkHSiTLxUxW8Rf3u4HGB0xQweG2RyETjywylKZSzLWoWAijRz8WCuOtJ6wah+avllXBqZuk29HCCvhEIRg==",
      "license": "MIT",
      "dependencies": {
        "@noble/curves": "1.4.2",
        "@noble/hashes": "1.4.0",
        "@scure/bip32": "1.4.0",
        "@scure/bip39": "1.3.0"
      }
    },
    "node_modules/ethereum-cryptography/node_modules/@noble/hashes": {
      "version": "1.4.0",
      "resolved": "https://registry.npmjs.org/@noble/hashes/-/hashes-1.4.0.tgz",
      "integrity": "sha512-V1JJ1WTRUqHHrOSh597hURcMqVKVGL/ea3kv0gSnEdsEZ0/+VyPghM1lMNGc00z7CIQorSvbKpuJkxvuHbvdbg==",
      "license": "MIT",
      "engines": {
        "node": ">= 16"
      },
      "funding": {
        "url": "https://paulmillr.com/funding/"
      }
    },
    "node_modules/fast-safe-stringify": {
      "version": "2.1.1",
      "resolved": "https://registry.npmjs.org/fast-safe-stringify/-/fast-safe-stringify-2.1.1.tgz",
      "integrity": "sha512-W+KJc2dmILlPplD/H4K9l9LcAHAfPtP6BY84uVLXQ6Evcz9Lcg33Y2z1IVblT6xdY54PXYVHEv+0Wpq8Io6zkA==",
      "license": "MIT"
    },
    "node_modules/js-sha256": {
      "version": "0.9.0",
      "resolved": "https://registry.npmjs.org/js-sha256/-/js-sha256-0.9.0.tgz",
      "integrity": "sha512-sga3MHh9sgQN2+pJ9VYZ+1LPwXOxuBJBA5nrR5/ofPfuiJBE2hnjsaN8se8JznOmGLN2p49Pe5U/ttafcs/apA==",
      "license": "MIT"
    },
    "node_modules/js-sha3": {
      "version": "0.8.0",
      "resolved": "https://registry.npmjs.org/js-sha3/-/js-sha3-0.8.0.tgz",
      "integrity": "sha512-gF1cRrHhIzNfToc802P800N8PpXS+evLLXfsVpowqmAFR9uwbi89WvXg2QspOmXL8QL86J4T1EpFu+yUkwJY3Q==",
      "dev": true,
      "license": "MIT"
    },
    "node_modules/js-tokens": {
      "version": "4.0.0",
      "resolved": "https://registry.npmjs.org/js-tokens/-/js-tokens-4.0.0.tgz",
      "integrity": "sha512-RdJUflcE3cUzKiMqQgsCu06FPu9UdIJO0beYbPhHN4k6apgJtifcoCtT9bcxOpYBtpD2kCM6Sbzg4CausW/PKQ==",
      "license": "MIT",
      "peer": true
    },
    "node_modules/json-rpc-engine": {
      "version": "6.1.0",
      "resolved": "https://registry.npmjs.org/json-rpc-engine/-/json-rpc-engine-6.1.0.tgz",
      "integrity": "sha512-NEdLrtrq1jUZyfjkr9OCz9EzCNhnRyWtt1PAnvnhwy6e8XETS0Dtc+ZNCO2gvuAoKsIn2+vCSowXTYE4CkgnAQ==",
      "license": "ISC",
      "dependencies": {
        "@metamask/safe-event-emitter": "^2.0.0",
        "eth-rpc-errors": "^4.0.2"
      },
      "engines": {
        "node": ">=10.0.0"
      }
    },
    "node_modules/json-rpc-engine/node_modules/@metamask/safe-event-emitter": {
      "version": "2.0.0",
      "resolved": "https://registry.npmjs.org/@metamask/safe-event-emitter/-/safe-event-emitter-2.0.0.tgz",
      "integrity": "sha512-/kSXhY692qiV1MXu6EeOZvg5nECLclxNXcKCxJ3cXQgYuRymRHpdx/t7JXfsK+JLjwA1e1c1/SBrlQYpusC29Q==",
      "license": "ISC"
    },
    "node_modules/json-rpc-random-id": {
      "version": "1.0.1",
      "resolved": "https://registry.npmjs.org/json-rpc-random-id/-/json-rpc-random-id-1.0.1.tgz",
      "integrity": "sha512-RJ9YYNCkhVDBuP4zN5BBtYAzEl03yq/jIIsyif0JY9qyJuQQZNeDK7anAPKKlyEtLSj2s8h6hNh2F8zO5q7ScA==",
      "license": "ISC"
    },
    "node_modules/keycloak-js": {
      "version": "11.0.2",
      "resolved": "https://registry.npmjs.org/keycloak-js/-/keycloak-js-11.0.2.tgz",
      "integrity": "sha512-dnvzgTetovu3eTjJtvBQQhxRN4jqvd/DaA2wFaE4aWIFXhwRcoPpZT8ZJ7MwlICDPdCgzbCsOsBjpL8CbYOZsg==",
      "license": "Apache-2.0",
      "dependencies": {
        "base64-js": "1.3.1",
        "js-sha256": "0.9.0"
      }
    },
    "node_modules/klona": {
      "version": "2.0.6",
      "resolved": "https://registry.npmjs.org/klona/-/klona-2.0.6.tgz",
      "integrity": "sha512-dhG34DXATL5hSxJbIexCft8FChFXtmskoZYnoPWjXQuebWYCNkVeV3KkGegCK9CP1oswI/vQibS2GY7Em/sJJA==",
      "license": "MIT",
      "engines": {
        "node": ">= 8"
      }
    },
    "node_modules/loose-envify": {
      "version": "1.4.0",
      "resolved": "https://registry.npmjs.org/loose-envify/-/loose-envify-1.4.0.tgz",
      "integrity": "sha512-lyuxPGr/Wfhrlem2CL/UcnUc1zcqKAImBDzukY7Y5F/yQiNdko6+fRLevlw1HgMySw7f611UIY408EtxRSoK3Q==",
      "license": "MIT",
      "peer": true,
      "dependencies": {
        "js-tokens": "^3.0.0 || ^4.0.0"
      },
      "bin": {
        "loose-envify": "cli.js"
      }
    },
    "node_modules/micro-ftch": {
      "version": "0.3.1",
      "resolved": "https://registry.npmjs.org/micro-ftch/-/micro-ftch-0.3.1.tgz",
      "integrity": "sha512-/0LLxhzP0tfiR5hcQebtudP56gUurs2CLkGarnCiB/OqEyUFQ6U3paQi/tgLv0hBJYt2rnr9MNpxz4fiiugstg==",
      "license": "MIT"
    },
    "node_modules/ms": {
      "version": "2.1.3",
      "resolved": "https://registry.npmjs.org/ms/-/ms-2.1.3.tgz",
      "integrity": "sha512-6FlzubTLZG3J2a/NVCAleEhjzq5oxgHyaCU9yYXvcLsvoVaHJq/s5xXI6/XXP6tz7R9xAOtHnSO/tXtF3WRTlA==",
      "license": "MIT"
    },
    "node_modules/pify": {
      "version": "5.0.0",
      "resolved": "https://registry.npmjs.org/pify/-/pify-5.0.0.tgz",
      "integrity": "sha512-eW/gHNMlxdSP6dmG6uJip6FXN0EQBwm2clYYd8Wul42Cwu/DK8HEftzsapcNdYe2MfLiIwZqsDk2RDEsTE79hA==",
      "license": "MIT",
      "engines": {
        "node": ">=10"
      },
      "funding": {
        "url": "https://github.com/sponsors/sindresorhus"
      }
    },
    "node_modules/pony-cause": {
      "version": "2.1.11",
      "resolved": "https://registry.npmjs.org/pony-cause/-/pony-cause-2.1.11.tgz",
      "integrity": "sha512-M7LhCsdNbNgiLYiP4WjsfLUuFmCfnjdF6jKe2R9NKl4WFN+HZPGHJZ9lnLP7f9ZnKe3U9nuWD0szirmj+migUg==",
      "license": "0BSD",
      "engines": {
        "node": ">=12.0.0"
      }
    },
    "node_modules/react": {
      "version": "18.3.1",
      "resolved": "https://registry.npmjs.org/react/-/react-18.3.1.tgz",
      "integrity": "sha512-wS+hAgJShR0KhEvPJArfuPVN1+Hz1t0Y6n5jLrGQbkb4urgPE/0Rve+1kMB1v/oWgHgm4WIcV+i7F2pTVj+2iQ==",
      "license": "MIT",
      "peer": true,
      "dependencies": {
        "loose-envify": "^1.1.0"
      },
      "engines": {
        "node": ">=0.10.0"
      }
    },
    "node_modules/safe-stable-stringify": {
      "version": "2.5.0",
      "resolved": "https://registry.npmjs.org/safe-stable-stringify/-/safe-stable-stringify-2.5.0.tgz",
      "integrity": "sha512-b3rppTKm9T+PsVCBEOUR46GWI7fdOs00VKZ1+9c1EWDaDMvjQc6tUwuFyIprgGgTcWoVHSKrU8H31ZHA2e0RHA==",
      "license": "MIT",
      "engines": {
        "node": ">=10"
      }
    },
    "node_modules/semver": {
      "version": "7.7.4",
      "resolved": "https://registry.npmjs.org/semver/-/semver-7.7.4.tgz",
      "integrity": "sha512-vFKC2IEtQnVhpT78h1Yp8wzwrf8CM+MzKMHGJZfBtzhZNycRFnXsHk6E5TxIkkMsgNS7mdX3AGB7x2QM2di4lA==",
      "license": "ISC",
      "bin": {
        "semver": "bin/semver.js"
      },
      "engines": {
        "node": ">=10"
      }
    },
    "node_modules/tslib": {
      "version": "2.8.1",
      "resolved": "https://registry.npmjs.org/tslib/-/tslib-2.8.1.tgz",
      "integrity": "sha512-oJFu94HQb+KVduSUQL7wnpmqnfmLsOA/nAh6b6EH0wCEoK0/mPeXU6c3wKDV83MkOuHPRHtSXKKU99IBazS/2w==",
      "license": "0BSD"
    },
    "node_modules/tweetnacl": {
      "version": "1.0.3",
      "resolved": "https://registry.npmjs.org/tweetnacl/-/tweetnacl-1.0.3.tgz",
      "integrity": "sha512-6rt+RN7aOi1nGMyC4Xa5DdYiukl2UWCbcJft7YhxReBGQD7OAM8Pbxw6YMo4r2diNEA8FEmu32YOn9rhaiE5yw==",
      "license": "Unlicense"
    },
    "node_modules/typescript": {
      "version": "5.9.3",
      "resolved": "https://registry.npmjs.org/typescript/-/typescript-5.9.3.tgz",
      "integrity": "sha512-jl1vZzPDinLr9eUt3J/t7V6FgNEw9QjvBPdysz9KfQDD41fQrC2Y4vKQdiaUpFT4bXlb1RHhLpp8wtm6M5TgSw==",
      "dev": true,
      "license": "Apache-2.0",
      "bin": {
        "tsc": "bin/tsc",
        "tsserver": "bin/tsserver"
      },
      "engines": {
        "node": ">=14.17"
      }
    },
    "node_modules/use-sync-external-store": {
      "version": "1.2.0",
      "resolved": "https://registry.npmjs.org/use-sync-external-store/-/use-sync-external-store-1.2.0.tgz",
      "integrity": "sha512-eEgnFxGQ1Ife9bzYs6VLi8/4X6CObHMw9Qr9tPY43iKwsPw8xE8+EFsf/2cFZ5S3esXgpWgtSCtLNS41F+sKPA==",
      "license": "MIT",
      "peerDependencies": {
        "react": "^16.8.0 || ^17.0.0 || ^18.0.0"
      }
    },
    "node_modules/uuid": {
      "version": "9.0.1",
      "resolved": "https://registry.npmjs.org/uuid/-/uuid-9.0.1.tgz",
      "integrity": "sha512-b+1eJOlsR9K8HJpow9Ok3fiWOWSIcIzXodvv0rQjVoOVNpWMpxf1wZNpt4y9h10odCNrqnYp1OBzRktckBe3sA==",
      "funding": [
        "https://github.com/sponsors/broofa",
        "https://github.com/sponsors/ctavan"
      ],
      "license": "MIT",
      "bin": {
        "uuid": "dist/bin/uuid"
      }
    },
    "node_modules/xtend": {
      "version": "4.0.2",
      "resolved": "https://registry.npmjs.org/xtend/-/xtend-4.0.2.tgz",
      "integrity": "sha512-LKYU1iAXJXUgAXn9URjiu+MWhyUXHsvfp7mcuYm9dSUKK0/CjtrUwFAxD82/mCWbtLsGjFIad0wIsod4zrTAEQ==",
      "license": "MIT",
      "engines": {
        "node": ">=0.4"
      }
    },
    "node_modules/zustand": {
      "version": "4.4.0",
      "resolved": "https://registry.npmjs.org/zustand/-/zustand-4.4.0.tgz",
      "integrity": "sha512-2dq6wq4dSxbiPTamGar0NlIG/av0wpyWZJGeQYtUOLegIUvhM2Bf86ekPlmgpUtS5uR7HyetSiktYrGsdsyZgQ==",
      "license": "MIT",
      "dependencies": {
        "use-sync-external-store": "1.2.0"
      },
      "engines": {
        "node": ">=12.7.0"
      },
      "peerDependencies": {
        "@types/react": ">=16.8",
        "immer": ">=9.0",
        "react": ">=16.8"
      },
      "peerDependenciesMeta": {
        "@types/react": {
          "optional": true
        },
        "immer": {
          "optional": true
        },
        "react": {
          "optional": true
        }
      }
    }
  }
}
